
Microsoft Visual Studio Solution File, Format Version 10.00
# Visual Studio 2008
Project("{8BC9CEB8-8B4A-11D0-8D11-00A0C91BC942}") = "Cadenas", "Cadenas\Cadenas.vcproj", "{088535A1-9875-4673-946E-642B7544B83C}"
EndProject
Global
	GlobalSection(SolutionConfigurationPlatforms) = preSolution
		Debug|Win32 = Debug|Win32
		Release|Win32 = Release|Win32
	EndGlobalSection
	GlobalSection(ProjectConfigurationPlatforms) = postSolution
		{088535A1-9875-4673-946E-642B7544B83C}.Debug|Win32.ActiveCfg = Debug|Win32
		{088535A1-9875-4673-946E-642B7544B83C}.Debug|Win32.Build.0 = Debug|Win32
		{088535A1-9875-4673-946E-642B7544B83C}.Release|Win32.ActiveCfg = Release|Win32
		{088535A1-9875-4673-946E-642B7544B83C}.Release|Win32.Build.0 = Release|Win32
	EndGlobalSection
	GlobalSection(SolutionProperties) = preSolution
		HideSolutionNode = FALSE
	EndGlobalSection
EndGlobal
